// !$*UTF8*$!
{
	archiveVersion = 1;
	classes = {
	};
	objectVersion = 50;
	objects = {

/* Begin PBXBuildFile section */
		07E6D46124E6EC1C00082A05 /* AppDelegate.swift in Sources */ = {isa = PBXBuildFile; fileRef = 07E6D46024E6EC1C00082A05 /* AppDelegate.swift */; };
		07E6D46324E6EC1C00082A05 /* SceneDelegate.swift in Sources */ = {isa = PBXBuildFile; fileRef = 07E6D46224E6EC1C00082A05 /* SceneDelegate.swift */; };
		07E6D46524E6EC1C00082A05 /* ViewController.swift in Sources */ = {isa = PBXBuildFile; fileRef = 07E6D46424E6EC1C00082A05 /* ViewController.swift */; };
		07E6D46824E6EC1C00082A05 /* Main.storyboard in Resources */ = {isa = PBXBuildFile; fileRef = 07E6D46624E6EC1C00082A05 /* Main.storyboard */; };
		07E6D46A24E6EC1E00082A05 /* Assets.xcassets in Resources */ = {isa = PBXBuildFile; fileRef = 07E6D46924E6EC1E00082A05 /* Assets.xcassets */; };
		07E6D46D24E6EC1E00082A05 /* LaunchScreen.storyboard in Resources */ = {isa = PBXBuildFile; fileRef = 07E6D46B24E6EC1E00082A05 /* LaunchScreen.storyboard */; };
/* End PBXBuildFile section */

/* Begin PBXFileReference section */
		07E6D45D24E6EC1C00082A05 /* 0814PB.app */ = {isa = PBXFileReference; explicitFileType = wrapper.application; includeInIndex = 0; path = 0814PB.app; sourceTree = BUILT_PRODUCTS_DIR; };
		07E6D46024E6EC1C00082A05 /* AppDelegate.swift */ = {isa = PBXFileReference; lastKnownFileType = sourcecode.swift; path = AppDelegate.swift; sourceTree = "<group>"; };
		07E6D46224E6EC1C00082A05 /* SceneDelegate.swift */ = {isa = PBXFileReference; lastKnownFileType = sourcecode.swift; path = SceneDelegate.swift; sourceTree = "<group>"; };
		07E6D46424E6EC1C00082A05 /* ViewController.swift */ = {isa = PBXFileReference; lastKnownFileType = sourcecode.swift; path = ViewController.swift; sourceTree = "<group>"; };
		07E6D46724E6EC1C00082A05 /* Base */ = {isa = PBXFileReference; lastKnownFileType = file.storyboard; name = Base; path = Base.lproj/Main.storyboard; sourceTree = "<group>"; };
		07E6D46924E6EC1E00082A05 /* Assets.xcassets */ = {isa = PBXFileReference; lastKnownFileType = folder.assetcatalog; path = Assets.xcassets; sourceTree = "<group>"; };
		07E6D46C24E6EC1E00082A05 /* Base */ = {isa = PBXFileReference; lastKnownFileType = file.storyboard; name = Base; path = Base.lproj/LaunchScreen.storyboard; sourceTree = "<group>"; };
		07E6D46E24E6EC1E00082A05 /* Info.plist */ = {isa = PBXFileReference; lastKnownFileType = text.plist.xml; path = Info.plist; sourceTree = "<group>"; };
/* End PBXFileReference section */

/* Begin PBXFrameworksBuildPhase section */
		07E6D45A24E6EC1C00082A05 /* Frameworks */ = {
			isa = PBXFrameworksBuildPhase;
			buildActionMask = 2147483647;
			files = (
			);
			runOnlyForDeploymentPostprocessing = 0;
		};
/* End PBXFrameworksBuildPhase section */

/* Begin PBXGroup section */
		07E6D45424E6EC1C00082A05 = {
			isa = PBXGroup;
			children = (
				07E6D45F24E6EC1C00082A05 /* 0814PB */,
				07E6D45E24E6EC1C00082A05 /* Products */,
			);
			sourceTree = "<group>";
		};
		07E6D45E24E6EC1C00082A05 /* Products */ = {
			isa = PBXGroup;
			children = (
				07E6D45D24E6EC1C00082A05 /* 0814PB.app */,
			);
			name = Products;
			sourceTree = "<group>";
		};
		07E6D45F24E6EC1C00082A05 /* 0814PB */ = {
			isa = PBXGroup;
			children = (
				07E6D46024E6EC1C00082A05 /* AppDelegate.swift */,
				07E6D46224E6EC1C00082A05 /* SceneDelegate.swift */,
				07E6D46424E6EC1C00082A05 /* ViewController.swift */,
				07E6D46624E6EC1C00082A05 /* Main.storyboard */,
				07E6D46924E6EC1E00082A05 /* Assets.xcassets */,
				07E6D46B24E6EC1E00082A05 /* LaunchScreen.storyboard */,
				07E6D46E24E6EC1E00082A05 /* Info.plist */,
			);
			path = 0814PB;
			sourceTree = "<group>";
		};
/* End PBXGroup section */

/* Begin PBXNativeTarget section */
		07E6D45C24E6EC1C00082A05 /* 0814PB */ = {
			isa = PBXNativeTarget;
			buildConfigurationList = 07E6D47124E6EC1E00082A05 /* Build configuration list for PBXNativeTarget "0814PB" */;
			buildPhases = (
				07E6D45924E6EC1C00082A05 /* Sources */,
				07E6D45A24E6EC1C00082A05 /* Frameworks */,
				07E6D45B24E6EC1C00082A05 /* Resources */,
			);
			buildRules = (
			);
			dependencies = (
			);
			name = 0814PB;
			productName = 0814PB;
			productReference = 07E6D45D24E6EC1C00082A05 /* 0814PB.app */;
			productType = "com.apple.product-type.application";
		};
/* End PBXNativeTarget section */

/* Begin PBXProject section */
		07E6D45524E6EC1C00082A05 /* Project object */ = {
			isa = PBXProject;
			attributes = {
				LastSwiftUpdateCheck = 1160;
				LastUpgradeCheck = 1160;
				ORGANIZATIONNAME = eric;
				TargetAttributes = {
					07E6D45C24E6EC1C00082A05 = {
						CreatedOnToolsVersion = 11.6;
					};
				};
			};
			buildConfigurationList = 07E6D45824E6EC1C00082A05 /* Build configuration list for PBXProject "0814PB" */;
			compatibilityVersion = "Xcode 9.3";
			developmentRegion = en;
			hasScannedForEncodings = 0;
			knownRegions = (
				en,
				Base,
			);
			mainGroup = 07E6D45424E6EC1C00082A05;
			productRefGroup = 07E6D45E24E6EC1C00082A05 /* Products */;
			projectDirPath = "";
			projectRoot = "";
			targets = (
				07E6D45C24E6EC1C00082A05 /* 0814PB */,
			);
		};
/* End PBXProject section */

/* Begin PBXResourcesBuildPhase section */
		07E6D45B24E6EC1C00082A05 /* Resources */ = {
			isa = PBXResourcesBuildPhase;
			buildActionMask = 2147483647;
			files = (
				07E6D46D24E6EC1E00082A05 /* LaunchScreen.storyboard in Resources */,
				07E6D46A24E6EC1E00082A05 /* Assets.xcassets in Resources */,
				07E6D46824E6EC1C00082A05 /* Main.storyboard in Resources */,
			);
			runOnlyForDeploymentPostprocessing = 0;
		};
/* End PBXResourcesBuildPhase section */

/* Begin PBXSourcesBuildPhase section */
		07E6D45924E6EC1C00082A05 /* Sources */ = {
			isa = PBXSourcesBuildPhase;
			buildActionMask = 2147483647;
			files = (
				07E6D46524E6EC1C00082A05 /* ViewController.swift in Sources */,
				07E6D46124E6EC1C00082A05 /* AppDelegate.swift in Sources */,
				07E6D46324E6EC1C00082A05 /* SceneDelegate.swift in Sources */,
			);
			runOnlyForDeploymentPostprocessing = 0;
		};
/* End PBXSourcesBuildPhase section */

/* Begin PBXVariantGroup section */
		07E6D46624E6EC1C00082A05 /* Main.storyboard */ = {
			isa = PBXVariantGroup;
			children = (
				07E6D46724E6EC1C00082A05 /* Base */,
			);
			name = Main.storyboard;
			sourceTree = "<group>";
		};
		07E6D46B24E6EC1E00082A05 /* LaunchScreen.storyboard */ = {
			isa = PBXVariantGroup;
			children = (
				07E6D46C24E6EC1E00082A05 /* Base */,
			);
			name = LaunchScreen.storyboard;
			sourceTree = "<group>";
		};
/* End PBXVariantGroup section */

/* Begin XCBuildConfiguration section */
		07E6D46F24E6EC1E00082A05 /* Debug */ = {
			isa = XCBuildConfiguration;
			buildSettings = {
				ALWAYS_SEARCH_USER_PATHS = NO;
				CLANG_ANALYZER_NONNULL = YES;
				CLANG_ANALYZER_NUMBER_OBJECT_CONVERSION = YES_AGGRESSIVE;
				CLANG_CXX_LANGUAGE_STANDARD = "gnu++14";
				CLANG_CXX_LIBRARY = "libc++";
				CLANG_ENABLE_MODULES = YES;
				CLANG_ENABLE_OBJC_ARC = YES;
				CLANG_ENABLE_OBJC_WEAK = YES;
				CLANG_WARN_BLOCK_CAPTURE_AUTORELEASING = YES;
				CLANG_WARN_BOOL_CONVERSION = YES;
				CLANG_WARN_COMMA = YES;
				CLANG_WARN_CONSTANT_CONVERSION = YES;
				CLANG_WARN_DEPRECATED_OBJC_IMPLEMENTATIONS = YES;
				CLANG_WARN_DIRECT_OBJC_ISA_USAGE = YES_ERROR;
				CLANG_WARN_DOCUMENTATION_COMMENTS = YES;
				CLANG_WARN_EMPTY_BODY = YES;
				CLANG_WARN_ENUM_CONVERSION = YES;
				CLANG_WARN_INFINITE_RECURSION = YES;
				CLANG_WARN_INT_CONVERSION = YES;
				CLANG_WARN_NON_LITERAL_NULL_CONVERSION = YES;
				CLANG_WARN_OBJC_IMPLICIT_RETAIN_SELF = YES;
				CLANG_WARN_OBJC_LITERAL_CONVERSION = YES;
				CLANG_WARN_OBJC_ROOT_CLASS = YES_ERROR;
				CLANG_WARN_RANGE_LOOP_ANALYSIS = YES;
				CLANG_WARN_STRICT_PROTOTYPES = YES;
				CLANG_WARN_SUSPICIOUS_MOVE = YES;
				CLANG_WARN_UNGUARDED_AVAILABILITY = YES_AGGRESSIVE;
				CLANG_WARN_UNREACHABLE_CODE = YES;
				CLANG_WARN__DUPLICATE_METHOD_MATCH = YES;
				COPY_PHASE_STRIP = NO;
				DEBUG_INFORMATION_FORMAT = dwarf;
				ENABLE_STRICT_OBJC_MSGSEND = YES;
				ENABLE_TESTABILITY = YES;
				GCC_C_LANGUAGE_STANDARD = gnu11;
				GCC_DYNAMIC_NO_PIC = NO;
				GCC_NO_COMMON_BLOCKS = YES;
				GCC_OPTIMIZATION_LEVEL = 0;
				GCC_PREPROCESSOR_DEFINITIONS = (
					"DEBUG=1",
					"$(inherited)",
				);
				GCC_WARN_64_TO_32_BIT_CONVERSION = YES;
				GCC_WARN_ABOUT_RETURN_TYPE = YES_ERROR;
				GCC_WARN_UNDECLARED_SELECTOR = YES;
				GCC_WARN_UNINITIALIZED_AUTOS = YES_AGGRESSIVE;
				GCC_WARN_UNUSED_FUNCTION = YES;
				GCC_WARN_UNUSED_VARIABLE = YES;
				IPHONEOS_DEPLOYMENT_TARGET = 13.6;
				MTL_ENABLE_DEBUG_INFO = INCLUDE_SOURCE;
				MTL_FAST_MATH = YES;
				ONLY_ACTIVE_ARCH = YES;
				SDKROOT = iphoneos;
				SWIFT_ACTIVE_COMPILATION_CONDITIONS = DEBUG;
				SWIFT_OPTIMIZATION_LEVEL = "-Onone";
			};
			name = Debug;
		};
		07E6D47024E6EC1E00082A05 /* Release */ = {
			isa = XCBuildConfiguration;
			buildSettings = {
				ALWAYS_SEARCH_USER_PATHS = NO;
				CLANG_ANALYZER_NONNULL = YES;
				CLANG_ANALYZER_NUMBER_OBJECT_CONVERSION = YES_AGGRESSIVE;
				CLANG_CXX_LANGUAGE_STANDARD = "gnu++14";
				CLANG_CXX_LIBRARY = "libc++";
				CLANG_ENABLE_MODULES = YES;
				CLANG_ENABLE_OBJC_ARC = YES;
				CLANG_ENABLE_OBJC_WEAK = YES;
				CLANG_WARN_BLOCK_CAPTURE_AUTORELEASING = YES;
				CLANG_WARN_BOOL_CONVERSION = YES;
				CLANG_WARN_COMMA = YES;
				CLANG_WARN_CONSTANT_CONVERSION = YES;
				CLANG_WARN_DEPRECATED_OBJC_IMPLEMENTATIONS = YES;
				CLANG_WARN_DIRECT_OBJC_ISA_USAGE = YES_ERROR;
				CLANG_WARN_DOCUMENTATION_COMMENTS = YES;
				CLANG_WARN_EMPTY_BODY = YES;
				CLANG_WARN_ENUM_CONVERSION = YES;
				CLANG_WARN_INFINITE_RECURSION = YES;
				CLANG_WARN_INT_CONVERSION = YES;
				CLANG_WARN_NON_LITERAL_NULL_CONVERSION = YES;
				CLANG_WARN_OBJC_IMPLICIT_RETAIN_SELF = YES;
				CLANG_WARN_OBJC_LITERAL_CONVERSION = YES;
				CLANG_WARN_OBJC_ROOT_CLASS = YES_ERROR;
				CLANG_WARN_RANGE_LOOP_ANALYSIS = YES;
				CLANG_WARN_STRICT_PROTOTYPES = YES;
				CLANG_WARN_SUSPICIOUS_MOVE = YES;
				CLANG_WARN_UNGUARDED_AVAILABILITY = YES_AGGRESSIVE;
				CLANG_WARN_UNREACHABLE_CODE = YES;
				CLANG_WARN__DUPLICATE_METHOD_MATCH = YES;
				COPY_PHASE_STRIP = NO;
				DEBUG_INFORMATION_FORMAT = "dwarf-with-dsym";
				ENABLE_NS_ASSERTIONS = NO;
				ENABLE_STRICT_OBJC_MSGSEND = YES;
				GCC_C_LANGUAGE_STANDARD = gnu11;
				GCC_NO_COMMON_BLOCKS = YES;
				GCC_WARN_64_TO_32_BIT_CONVERSION = YES;
				GCC_WARN_ABOUT_RETURN_TYPE = YES_ERROR;
				GCC_WARN_UNDECLARED_SELECTOR = YES;
				GCC_WARN_UNINITIALIZED_AUTOS = YES_AGGRESSIVE;
				GCC_WARN_UNUSED_FUNCTION = YES;
				GCC_WARN_UNUSED_VARIABLE = YES;
				IPHONEOS_DEPLOYMENT_TARGET = 13.6;
				MTL_ENABLE_DEBUG_INFO = NO;
				MTL_FAST_MATH = YES;
				SDKROOT = iphoneos;
				SWIFT_COMPILATION_MODE = wholemodule;
				SWIFT_OPTIMIZATION_LEVEL = "-O";
				VALIDATE_PRODUCT = YES;
			};
			name = Release;
		};
		07E6D47224E6EC1E00082A05 /* Debug */ = {
			isa = XCBuildConfiguration;
			buildSettings = {
				ASSETCATALOG_COMPILER_APPICON_NAME = AppIcon;
				CODE_SIGN_STYLE = Automatic;
				INFOPLIST_FILE = 0814PB/Info.plist;
				LD_RUNPATH_SEARCH_PATHS = (
					"$(inherited)",
					"@executable_path/Frameworks",
				);
				PRODUCT_BUNDLE_IDENTIFIER = "com.chingwen.-814PB";
				PRODUCT_NAME = "$(TARGET_NAME)";
				SWIFT_VERSION = 5.0;
				TARGETED_DEVICE_FAMILY = "1,2";
			};
			name = Debug;
		};
		07E6D47324E6EC1E00082A05 /* Release */ = {
			isa = XCBuildConfiguration;
			buildSettings = {
				ASSETCATALOG_COMPILER_APPICON_NAME = AppIcon;
				CODE_SIGN_STYLE = Automatic;
				INFOPLIST_FILE = 0814PB/Info.plist;
				LD_RUNPATH_SEARCH_PATHS = (
					"$(inherited)",
					"@executable_path/Frameworks",
				);
				PRODUCT_BUNDLE_IDENTIFIER = "com.chingwen.-814PB";
				PRODUCT_NAME = "$(TARGET_NAME)";
				SWIFT_VERSION = 5.0;
				TARGETED_DEVICE_FAMILY = "1,2";
			};
			name = Release;
		};
/* End XCBuildConfiguration section */

/* Begin XCConfigurationList section */
		07E6D45824E6EC1C00082A05 /* Build configuration list for PBXProject "0814PB" */ = {
			isa = XCConfigurationList;
			buildConfigurations = (
				07E6D46F24E6EC1E00082A05 /* Debug */,
				07E6D47024E6EC1E00082A05 /* Release */,
			);
			defaultConfigurationIsVisible = 0;
			defaultConfigurationName = Release;
		};
		07E6D47124E6EC1E00082A05 /* Build configuration list for PBXNativeTarget "0814PB" */ = {
			isa = XCConfigurationList;
			buildConfigurations = (
				07E6D47224E6EC1E00082A05 /* Debug */,
				07E6D47324E6EC1E00082A05 /* Release */,
			);
			defaultConfigurationIsVisible = 0;
			defaultConfigurationName = Release;
		};
/* End XCConfigurationList section */
	};
	rootObject = 07E6D45524E6EC1C00082A05 /* Project object */;
}
